# This file is generated by running "yarn install" inside your project.
# Manual changes might be lost - proceed with caution!

__metadata:
  version: 8
  cacheKey: 10c0

"1@workspace:.":
  version: 0.0.0-use.local
  resolution: "1@workspace:."
  dependencies:
    yaml: "npm:2.6.1"
  languageName: unknown
  linkType: soft

"yaml@npm:2.6.1":
  version: 2.6.1
  resolution: "yaml@npm:2.6.1"
  bin:
    yaml: bin.mjs
  checksum: 10c0/aebf07f61c72b38c74d2b60c3a3ccf89ee4da45bcd94b2bfb7899ba07a5257625a7c9f717c65a6fc511563d48001e01deb1d9e55f0133f3e2edf86039c8c1be7
  languageName: node
  linkType: hard
